{
  "nodes": {
    "flake-compat": {
      "flake": false,
      "locked": {
        "lastModified": 1627913399,
        "narHash": "sha256-hY8g6H2KFL8ownSiFeMOjwPC8P0ueXpCVEbxgda3pko=",
        "owner": "edolstra",
        "repo": "flake-compat",
        "rev": "12c64ca55c1014cdc1b16ed5a804aa8576601ff2",
        "type": "github"
      },
      "original": {
        "owner": "edolstra",
        "repo": "flake-compat",
        "type": "github"
      }
    },
    "home-manager": {
      "inputs": {
        "nixpkgs": [
          "nixpkgs"
        ]
      },
      "locked": {
        "lastModified": 1629239909,
        "narHash": "sha256-RRAwgTeV4qq6cN0cr3UVhic9xQhrlTPrHxiDcgNi08I=",
        "owner": "nix-community",
        "repo": "home-manager",
        "rev": "72394f6d6b1cee26021c3e319fa249122ad33d82",
        "type": "github"
      },
      "original": {
        "owner": "nix-community",
        "repo": "home-manager",
        "type": "github"
      }
    },
    "nixpkgs": {
      "locked": {
        "lastModified": 1629137058,
        "narHash": "sha256-rOOLXq8/HcqlKNTJdSiPqB+kbYdcjBaGwqq6pP5IOfQ=",
        "owner": "NixOS",
        "repo": "nixpkgs",
        "rev": "23485f23ff8536592b5178a5d244f84da770bc87",
        "type": "github"
      },
      "original": {
        "id": "nixpkgs",
        "ref": "nixos-unstable",
        "type": "indirect"
      }
    },
    "root": {
      "inputs": {
        "flake-compat": "flake-compat",
        "home-manager": "home-manager",
        "nixpkgs": "nixpkgs",
        "sops-nix": "sops-nix"
      }
    },
    "sops-nix": {
      "inputs": {
        "nixpkgs": [
          "nixpkgs"
        ]
      },
      "locked": {
        "lastModified": 1625936460,
        "narHash": "sha256-U6xlITKrYuhlHWe+poACaz4GJl3ZVN1BSUqZe2gFg+g=",
        "owner": "Mic92",
        "repo": "sops-nix",
        "rev": "ec2800174de5a7be8ec5b144819af2c7de77abe2",
        "type": "github"
      },
      "original": {
        "owner": "Mic92",
        "repo": "sops-nix",
        "type": "github"
      }
    }
  },
  "root": "root",
  "version": 7
}
